
Microsoft Visual Studio Solution File, Format Version 12.00
# Visual Studio Version 17
VisualStudioVersion = 17.3.32922.545
MinimumVisualStudioVersion = 10.0.40219.1
Project("{FAE04EC0-301F-11D3-BF4B-00C04F79EFBC}") = "Task4", "Task4\Task4.csproj", "{91F1A1F6-D86F-4D26-A082-BB23D1E4E7FD}"
EndProject
Global
	GlobalSection(SolutionConfigurationPlatforms) = preSolution
		Debug|Any CPU = Debug|Any CPU
		Release|Any CPU = Release|Any CPU
	EndGlobalSection
	GlobalSection(ProjectConfigurationPlatforms) = postSolution
		{91F1A1F6-D86F-4D26-A082-BB23D1E4E7FD}.Debug|Any CPU.ActiveCfg = Debug|Any CPU
		{91F1A1F6-D86F-4D26-A082-BB23D1E4E7FD}.Debug|Any CPU.Build.0 = Debug|Any CPU
		{91F1A1F6-D86F-4D26-A082-BB23D1E4E7FD}.Release|Any CPU.ActiveCfg = Release|Any CPU
		{91F1A1F6-D86F-4D26-A082-BB23D1E4E7FD}.Release|Any CPU.Build.0 = Release|Any CPU
	EndGlobalSection
	GlobalSection(SolutionProperties) = preSolution
		HideSolutionNode = FALSE
	EndGlobalSection
	GlobalSection(ExtensibilityGlobals) = postSolution
		SolutionGuid = {C2322BF6-CF5D-4514-812F-36B4FE1A7A77}
	EndGlobalSection
EndGlobal
