
Microsoft Visual Studio Solution File, Format Version 12.00
# Visual Studio Version 17
VisualStudioVersion = 17.3.32825.248
MinimumVisualStudioVersion = 10.0.40219.1
Project("{FAE04EC0-301F-11D3-BF4B-00C04F79EFBC}") = "hash-table", "hash-table\hash-table.csproj", "{DBD633A5-70CE-4D0E-ACDB-B2C8BAEA6339}"
EndProject
Global
	GlobalSection(SolutionConfigurationPlatforms) = preSolution
		Debug|Any CPU = Debug|Any CPU
		Release|Any CPU = Release|Any CPU
	EndGlobalSection
	GlobalSection(ProjectConfigurationPlatforms) = postSolution
		{DBD633A5-70CE-4D0E-ACDB-B2C8BAEA6339}.Debug|Any CPU.ActiveCfg = Debug|Any CPU
		{DBD633A5-70CE-4D0E-ACDB-B2C8BAEA6339}.Debug|Any CPU.Build.0 = Debug|Any CPU
		{DBD633A5-70CE-4D0E-ACDB-B2C8BAEA6339}.Release|Any CPU.ActiveCfg = Release|Any CPU
		{DBD633A5-70CE-4D0E-ACDB-B2C8BAEA6339}.Release|Any CPU.Build.0 = Release|Any CPU
	EndGlobalSection
	GlobalSection(SolutionProperties) = preSolution
		HideSolutionNode = FALSE
	EndGlobalSection
	GlobalSection(ExtensibilityGlobals) = postSolution
		SolutionGuid = {AE35417C-A9F2-4788-841C-7EE727B23332}
	EndGlobalSection
EndGlobal
