
Microsoft Visual Studio Solution File, Format Version 12.00
# Visual Studio Version 17
VisualStudioVersion = 17.3.32901.215
MinimumVisualStudioVersion = 10.0.40219.1
Project("{FAE04EC0-301F-11D3-BF4B-00C04F79EFBC}") = "Task3", "Task3\Task3.csproj", "{63A58821-C8EC-482B-8845-9FF727B75154}"
EndProject
Global
	GlobalSection(SolutionConfigurationPlatforms) = preSolution
		Debug|Any CPU = Debug|Any CPU
		Release|Any CPU = Release|Any CPU
	EndGlobalSection
	GlobalSection(ProjectConfigurationPlatforms) = postSolution
		{63A58821-C8EC-482B-8845-9FF727B75154}.Debug|Any CPU.ActiveCfg = Debug|Any CPU
		{63A58821-C8EC-482B-8845-9FF727B75154}.Debug|Any CPU.Build.0 = Debug|Any CPU
		{63A58821-C8EC-482B-8845-9FF727B75154}.Release|Any CPU.ActiveCfg = Release|Any CPU
		{63A58821-C8EC-482B-8845-9FF727B75154}.Release|Any CPU.Build.0 = Release|Any CPU
	EndGlobalSection
	GlobalSection(SolutionProperties) = preSolution
		HideSolutionNode = FALSE
	EndGlobalSection
	GlobalSection(ExtensibilityGlobals) = postSolution
		SolutionGuid = {C615E322-CA66-434A-A174-97579224B481}
	EndGlobalSection
EndGlobal
